// !$*UTF8*$!
{
	archiveVersion = 1;
	classes = {
	};
	objectVersion = 46;
	objects = {

/* Begin PBXBuildFile section */
		23B1A9941EB4571B00029124 /* AppDelegate.swift in Sources */ = {isa = PBXBuildFile; fileRef = 23B1A9931EB4571B00029124 /* AppDelegate.swift */; };
		23B1A9961EB4571B00029124 /* ViewController.swift in Sources */ = {isa = PBXBuildFile; fileRef = 23B1A9951EB4571B00029124 /* ViewController.swift */; };
		23B1A9991EB4571B00029124 /* Main.storyboard in Resources */ = {isa = PBXBuildFile; fileRef = 23B1A9971EB4571B00029124 /* Main.storyboard */; };
		23B1A99B1EB4571B00029124 /* Assets.xcassets in Resources */ = {isa = PBXBuildFile; fileRef = 23B1A99A1EB4571B00029124 /* Assets.xcassets */; };
		23B1A99E1EB4571B00029124 /* LaunchScreen.storyboard in Resources */ = {isa = PBXBuildFile; fileRef = 23B1A99C1EB4571B00029124 /* LaunchScreen.storyboard */; };
		23B1A9A91EB4571B00029124 /* FixedTableViewSampleTests.swift in Sources */ = {isa = PBXBuildFile; fileRef = 23B1A9A81EB4571B00029124 /* FixedTableViewSampleTests.swift */; };
		23B1A9B41EB4571B00029124 /* FixedTableViewSampleUITests.swift in Sources */ = {isa = PBXBuildFile; fileRef = 23B1A9B31EB4571B00029124 /* FixedTableViewSampleUITests.swift */; };
		23B1A9C21EB45B8D00029124 /* FixedViewController.swift in Sources */ = {isa = PBXBuildFile; fileRef = 23B1A9C11EB45B8D00029124 /* FixedViewController.swift */; };
/* End PBXBuildFile section */

/* Begin PBXContainerItemProxy section */
		23B1A9A51EB4571B00029124 /* PBXContainerItemProxy */ = {
			isa = PBXContainerItemProxy;
			containerPortal = 23B1A9881EB4571B00029124 /* Project object */;
			proxyType = 1;
			remoteGlobalIDString = 23B1A98F1EB4571B00029124;
			remoteInfo = FixedTableViewSample;
		};
		23B1A9B01EB4571B00029124 /* PBXContainerItemProxy */ = {
			isa = PBXContainerItemProxy;
			containerPortal = 23B1A9881EB4571B00029124 /* Project object */;
			proxyType = 1;
			remoteGlobalIDString = 23B1A98F1EB4571B00029124;
			remoteInfo = FixedTableViewSample;
		};
/* End PBXContainerItemProxy section */

/* Begin PBXFileReference section */
		23B1A9901EB4571B00029124 /* FixedTableViewSample.app */ = {isa = PBXFileReference; explicitFileType = wrapper.application; includeInIndex = 0; path = FixedTableViewSample.app; sourceTree = BUILT_PRODUCTS_DIR; };
		23B1A9931EB4571B00029124 /* AppDelegate.swift */ = {isa = PBXFileReference; lastKnownFileType = sourcecode.swift; path = AppDelegate.swift; sourceTree = "<group>"; };
		23B1A9951EB4571B00029124 /* ViewController.swift */ = {isa = PBXFileReference; lastKnownFileType = sourcecode.swift; path = ViewController.swift; sourceTree = "<group>"; };
		23B1A9981EB4571B00029124 /* Base */ = {isa = PBXFileReference; lastKnownFileType = file.storyboard; name = Base; path = Base.lproj/Main.storyboard; sourceTree = "<group>"; };
		23B1A99A1EB4571B00029124 /* Assets.xcassets */ = {isa = PBXFileReference; lastKnownFileType = folder.assetcatalog; path = Assets.xcassets; sourceTree = "<group>"; };
		23B1A99D1EB4571B00029124 /* Base */ = {isa = PBXFileReference; lastKnownFileType = file.storyboard; name = Base; path = Base.lproj/LaunchScreen.storyboard; sourceTree = "<group>"; };
		23B1A99F1EB4571B00029124 /* Info.plist */ = {isa = PBXFileReference; lastKnownFileType = text.plist.xml; path = Info.plist; sourceTree = "<group>"; };
		23B1A9A41EB4571B00029124 /* FixedTableViewSampleTests.xctest */ = {isa = PBXFileReference; explicitFileType = wrapper.cfbundle; includeInIndex = 0; path = FixedTableViewSampleTests.xctest; sourceTree = BUILT_PRODUCTS_DIR; };
		23B1A9A81EB4571B00029124 /* FixedTableViewSampleTests.swift */ = {isa = PBXFileReference; lastKnownFileType = sourcecode.swift; path = FixedTableViewSampleTests.swift; sourceTree = "<group>"; };
		23B1A9AA1EB4571B00029124 /* Info.plist */ = {isa = PBXFileReference; lastKnownFileType = text.plist.xml; path = Info.plist; sourceTree = "<group>"; };
		23B1A9AF1EB4571B00029124 /* FixedTableViewSampleUITests.xctest */ = {isa = PBXFileReference; explicitFileType = wrapper.cfbundle; includeInIndex = 0; path = FixedTableViewSampleUITests.xctest; sourceTree = BUILT_PRODUCTS_DIR; };
		23B1A9B31EB4571B00029124 /* FixedTableViewSampleUITests.swift */ = {isa = PBXFileReference; lastKnownFileType = sourcecode.swift; path = FixedTableViewSampleUITests.swift; sourceTree = "<group>"; };
		23B1A9B51EB4571B00029124 /* Info.plist */ = {isa = PBXFileReference; lastKnownFileType = text.plist.xml; path = Info.plist; sourceTree = "<group>"; };
		23B1A9C11EB45B8D00029124 /* FixedViewController.swift */ = {isa = PBXFileReference; fileEncoding = 4; lastKnownFileType = sourcecode.swift; path = FixedViewController.swift; sourceTree = "<group>"; };
/* End PBXFileReference section */

/* Begin PBXFrameworksBuildPhase section */
		23B1A98D1EB4571B00029124 /* Frameworks */ = {
			isa = PBXFrameworksBuildPhase;
			buildActionMask = 2147483647;
			files = (
			);
			runOnlyForDeploymentPostprocessing = 0;
		};
		23B1A9A11EB4571B00029124 /* Frameworks */ = {
			isa = PBXFrameworksBuildPhase;
			buildActionMask = 2147483647;
			files = (
			);
			runOnlyForDeploymentPostprocessing = 0;
		};
		23B1A9AC1EB4571B00029124 /* Frameworks */ = {
			isa = PBXFrameworksBuildPhase;
			buildActionMask = 2147483647;
			files = (
			);
			runOnlyForDeploymentPostprocessing = 0;
		};
/* End PBXFrameworksBuildPhase section */

/* Begin PBXGroup section */
		23B1A9871EB4571B00029124 = {
			isa = PBXGroup;
			children = (
				23B1A9921EB4571B00029124 /* FixedTableViewSample */,
				23B1A9A71EB4571B00029124 /* FixedTableViewSampleTests */,
				23B1A9B21EB4571B00029124 /* FixedTableViewSampleUITests */,
				23B1A9911EB4571B00029124 /* Products */,
			);
			sourceTree = "<group>";
		};
		23B1A9911EB4571B00029124 /* Products */ = {
			isa = PBXGroup;
			children = (
				23B1A9901EB4571B00029124 /* FixedTableViewSample.app */,
				23B1A9A41EB4571B00029124 /* FixedTableViewSampleTests.xctest */,
				23B1A9AF1EB4571B00029124 /* FixedTableViewSampleUITests.xctest */,
			);
			name = Products;
			sourceTree = "<group>";
		};
		23B1A9921EB4571B00029124 /* FixedTableViewSample */ = {
			isa = PBXGroup;
			children = (
				23B1A9931EB4571B00029124 /* AppDelegate.swift */,
				23B1A9951EB4571B00029124 /* ViewController.swift */,
				23B1A9C11EB45B8D00029124 /* FixedViewController.swift */,
				23B1A9971EB4571B00029124 /* Main.storyboard */,
				23B1A99A1EB4571B00029124 /* Assets.xcassets */,
				23B1A99C1EB4571B00029124 /* LaunchScreen.storyboard */,
				23B1A99F1EB4571B00029124 /* Info.plist */,
			);
			path = FixedTableViewSample;
			sourceTree = "<group>";
		};
		23B1A9A71EB4571B00029124 /* FixedTableViewSampleTests */ = {
			isa = PBXGroup;
			children = (
				23B1A9A81EB4571B00029124 /* FixedTableViewSampleTests.swift */,
				23B1A9AA1EB4571B00029124 /* Info.plist */,
			);
			path = FixedTableViewSampleTests;
			sourceTree = "<group>";
		};
		23B1A9B21EB4571B00029124 /* FixedTableViewSampleUITests */ = {
			isa = PBXGroup;
			children = (
				23B1A9B31EB4571B00029124 /* FixedTableViewSampleUITests.swift */,
				23B1A9B51EB4571B00029124 /* Info.plist */,
			);
			path = FixedTableViewSampleUITests;
			sourceTree = "<group>";
		};
/* End PBXGroup section */

/* Begin PBXNativeTarget section */
		23B1A98F1EB4571B00029124 /* FixedTableViewSample */ = {
			isa = PBXNativeTarget;
			buildConfigurationList = 23B1A9B81EB4571B00029124 /* Build configuration list for PBXNativeTarget "FixedTableViewSample" */;
			buildPhases = (
				23B1A98C1EB4571B00029124 /* Sources */,
				23B1A98D1EB4571B00029124 /* Frameworks */,
				23B1A98E1EB4571B00029124 /* Resources */,
			);
			buildRules = (
			);
			dependencies = (
			);
			name = FixedTableViewSample;
			productName = FixedTableViewSample;
			productReference = 23B1A9901EB4571B00029124 /* FixedTableViewSample.app */;
			productType = "com.apple.product-type.application";
		};
		23B1A9A31EB4571B00029124 /* FixedTableViewSampleTests */ = {
			isa = PBXNativeTarget;
			buildConfigurationList = 23B1A9BB1EB4571B00029124 /* Build configuration list for PBXNativeTarget "FixedTableViewSampleTests" */;
			buildPhases = (
				23B1A9A01EB4571B00029124 /* Sources */,
				23B1A9A11EB4571B00029124 /* Frameworks */,
				23B1A9A21EB4571B00029124 /* Resources */,
			);
			buildRules = (
			);
			dependencies = (
				23B1A9A61EB4571B00029124 /* PBXTargetDependency */,
			);
			name = FixedTableViewSampleTests;
			productName = FixedTableViewSampleTests;
			productReference = 23B1A9A41EB4571B00029124 /* FixedTableViewSampleTests.xctest */;
			productType = "com.apple.product-type.bundle.unit-test";
		};
		23B1A9AE1EB4571B00029124 /* FixedTableViewSampleUITests */ = {
			isa = PBXNativeTarget;
			buildConfigurationList = 23B1A9BE1EB4571B00029124 /* Build configuration list for PBXNativeTarget "FixedTableViewSampleUITests" */;
			buildPhases = (
				23B1A9AB1EB4571B00029124 /* Sources */,
				23B1A9AC1EB4571B00029124 /* Frameworks */,
				23B1A9AD1EB4571B00029124 /* Resources */,
			);
			buildRules = (
			);
			dependencies = (
				23B1A9B11EB4571B00029124 /* PBXTargetDependency */,
			);
			name = FixedTableViewSampleUITests;
			productName = FixedTableViewSampleUITests;
			productReference = 23B1A9AF1EB4571B00029124 /* FixedTableViewSampleUITests.xctest */;
			productType = "com.apple.product-type.bundle.ui-testing";
		};
/* End PBXNativeTarget section */

/* Begin PBXProject section */
		23B1A9881EB4571B00029124 /* Project object */ = {
			isa = PBXProject;
			attributes = {
				LastSwiftUpdateCheck = 0830;
				LastUpgradeCheck = 0830;
				ORGANIZATIONNAME = satorun;
				TargetAttributes = {
					23B1A98F1EB4571B00029124 = {
						CreatedOnToolsVersion = 8.3.2;
						DevelopmentTeam = WV6V9Z74NW;
						ProvisioningStyle = Automatic;
					};
					23B1A9A31EB4571B00029124 = {
						CreatedOnToolsVersion = 8.3.2;
						DevelopmentTeam = WV6V9Z74NW;
						ProvisioningStyle = Automatic;
						TestTargetID = 23B1A98F1EB4571B00029124;
					};
					23B1A9AE1EB4571B00029124 = {
						CreatedOnToolsVersion = 8.3.2;
						DevelopmentTeam = WV6V9Z74NW;
						ProvisioningStyle = Automatic;
						TestTargetID = 23B1A98F1EB4571B00029124;
					};
				};
			};
			buildConfigurationList = 23B1A98B1EB4571B00029124 /* Build configuration list for PBXProject "FixedTableViewSample" */;
			compatibilityVersion = "Xcode 3.2";
			developmentRegion = English;
			hasScannedForEncodings = 0;
			knownRegions = (
				en,
				Base,
			);
			mainGroup = 23B1A9871EB4571B00029124;
			productRefGroup = 23B1A9911EB4571B00029124 /* Products */;
			projectDirPath = "";
			projectRoot = "";
			targets = (
				23B1A98F1EB4571B00029124 /* FixedTableViewSample */,
				23B1A9A31EB4571B00029124 /* FixedTableViewSampleTests */,
				23B1A9AE1EB4571B00029124 /* FixedTableViewSampleUITests */,
			);
		};
/* End PBXProject section */

/* Begin PBXResourcesBuildPhase section */
		23B1A98E1EB4571B00029124 /* Resources */ = {
			isa = PBXResourcesBuildPhase;
			buildActionMask = 2147483647;
			files = (
				23B1A99E1EB4571B00029124 /* LaunchScreen.storyboard in Resources */,
				23B1A99B1EB4571B00029124 /* Assets.xcassets in Resources */,
				23B1A9991EB4571B00029124 /* Main.storyboard in Resources */,
			);
			runOnlyForDeploymentPostprocessing = 0;
		};
		23B1A9A21EB4571B00029124 /* Resources */ = {
			isa = PBXResourcesBuildPhase;
			buildActionMask = 2147483647;
			files = (
			);
			runOnlyForDeploymentPostprocessing = 0;
		};
		23B1A9AD1EB4571B00029124 /* Resources */ = {
			isa = PBXResourcesBuildPhase;
			buildActionMask = 2147483647;
			files = (
			);
			runOnlyForDeploymentPostprocessing = 0;
		};
/* End PBXResourcesBuildPhase section */

/* Begin PBXSourcesBuildPhase section */
		23B1A98C1EB4571B00029124 /* Sources */ = {
			isa = PBXSourcesBuildPhase;
			buildActionMask = 2147483647;
			files = (
				23B1A9961EB4571B00029124 /* ViewController.swift in Sources */,
				23B1A9941EB4571B00029124 /* AppDelegate.swift in Sources */,
				23B1A9C21EB45B8D00029124 /* FixedViewController.swift in Sources */,
			);
			runOnlyForDeploymentPostprocessing = 0;
		};
		23B1A9A01EB4571B00029124 /* Sources */ = {
			isa = PBXSourcesBuildPhase;
			buildActionMask = 2147483647;
			files = (
				23B1A9A91EB4571B00029124 /* FixedTableViewSampleTests.swift in Sources */,
			);
			runOnlyForDeploymentPostprocessing = 0;
		};
		23B1A9AB1EB4571B00029124 /* Sources */ = {
			isa = PBXSourcesBuildPhase;
			buildActionMask = 2147483647;
			files = (
				23B1A9B41EB4571B00029124 /* FixedTableViewSampleUITests.swift in Sources */,
			);
			runOnlyForDeploymentPostprocessing = 0;
		};
/* End PBXSourcesBuildPhase section */

/* Begin PBXTargetDependency section */
		23B1A9A61EB4571B00029124 /* PBXTargetDependency */ = {
			isa = PBXTargetDependency;
			target = 23B1A98F1EB4571B00029124 /* FixedTableViewSample */;
			targetProxy = 23B1A9A51EB4571B00029124 /* PBXContainerItemProxy */;
		};
		23B1A9B11EB4571B00029124 /* PBXTargetDependency */ = {
			isa = PBXTargetDependency;
			target = 23B1A98F1EB4571B00029124 /* FixedTableViewSample */;
			targetProxy = 23B1A9B01EB4571B00029124 /* PBXContainerItemProxy */;
		};
/* End PBXTargetDependency section */

/* Begin PBXVariantGroup section */
		23B1A9971EB4571B00029124 /* Main.storyboard */ = {
			isa = PBXVariantGroup;
			children = (
				23B1A9981EB4571B00029124 /* Base */,
			);
			name = Main.storyboard;
			sourceTree = "<group>";
		};
		23B1A99C1EB4571B00029124 /* LaunchScreen.storyboard */ = {
			isa = PBXVariantGroup;
			children = (
				23B1A99D1EB4571B00029124 /* Base */,
			);
			name = LaunchScreen.storyboard;
			sourceTree = "<group>";
		};
/* End PBXVariantGroup section */

/* Begin XCBuildConfiguration section */
		23B1A9B61EB4571B00029124 /* Debug */ = {
			isa = XCBuildConfiguration;
			buildSettings = {
				ALWAYS_SEARCH_USER_PATHS = NO;
				CLANG_ANALYZER_NONNULL = YES;
				CLANG_ANALYZER_NUMBER_OBJECT_CONVERSION = YES_AGGRESSIVE;
				CLANG_CXX_LANGUAGE_STANDARD = "gnu++0x";
				CLANG_CXX_LIBRARY = "libc++";
				CLANG_ENABLE_MODULES = YES;
				CLANG_ENABLE_OBJC_ARC = YES;
				CLANG_WARN_BOOL_CONVERSION = YES;
				CLANG_WARN_CONSTANT_CONVERSION = YES;
				CLANG_WARN_DIRECT_OBJC_ISA_USAGE = YES_ERROR;
				CLANG_WARN_DOCUMENTATION_COMMENTS = YES;
				CLANG_WARN_EMPTY_BODY = YES;
				CLANG_WARN_ENUM_CONVERSION = YES;
				CLANG_WARN_INFINITE_RECURSION = YES;
				CLANG_WARN_INT_CONVERSION = YES;
				CLANG_WARN_OBJC_ROOT_CLASS = YES_ERROR;
				CLANG_WARN_SUSPICIOUS_MOVE = YES;
				CLANG_WARN_UNREACHABLE_CODE = YES;
				CLANG_WARN__DUPLICATE_METHOD_MATCH = YES;
				"CODE_SIGN_IDENTITY[sdk=iphoneos*]" = "iPhone Developer";
				COPY_PHASE_STRIP = NO;
				DEBUG_INFORMATION_FORMAT = dwarf;
				ENABLE_STRICT_OBJC_MSGSEND = YES;
				ENABLE_TESTABILITY = YES;
				GCC_C_LANGUAGE_STANDARD = gnu99;
				GCC_DYNAMIC_NO_PIC = NO;
				GCC_NO_COMMON_BLOCKS = YES;
				GCC_OPTIMIZATION_LEVEL = 0;
				GCC_PREPROCESSOR_DEFINITIONS = (
					"DEBUG=1",
					"$(inherited)",
				);
				GCC_WARN_64_TO_32_BIT_CONVERSION = YES;
				GCC_WARN_ABOUT_RETURN_TYPE = YES_ERROR;
				GCC_WARN_UNDECLARED_SELECTOR = YES;
				GCC_WARN_UNINITIALIZED_AUTOS = YES_AGGRESSIVE;
				GCC_WARN_UNUSED_FUNCTION = YES;
				GCC_WARN_UNUSED_VARIABLE = YES;
				IPHONEOS_DEPLOYMENT_TARGET = 10.3;
				MTL_ENABLE_DEBUG_INFO = YES;
				ONLY_ACTIVE_ARCH = YES;
				SDKROOT = iphoneos;
				SWIFT_ACTIVE_COMPILATION_CONDITIONS = DEBUG;
				SWIFT_OPTIMIZATION_LEVEL = "-Onone";
			};
			name = Debug;
		};
		23B1A9B71EB4571B00029124 /* Release */ = {
			isa = XCBuildConfiguration;
			buildSettings = {
				ALWAYS_SEARCH_USER_PATHS = NO;
				CLANG_ANALYZER_NONNULL = YES;
				CLANG_ANALYZER_NUMBER_OBJECT_CONVERSION = YES_AGGRESSIVE;
				CLANG_CXX_LANGUAGE_STANDARD = "gnu++0x";
				CLANG_CXX_LIBRARY = "libc++";
				CLANG_ENABLE_MODULES = YES;
				CLANG_ENABLE_OBJC_ARC = YES;
				CLANG_WARN_BOOL_CONVERSION = YES;
				CLANG_WARN_CONSTANT_CONVERSION = YES;
				CLANG_WARN_DIRECT_OBJC_ISA_USAGE = YES_ERROR;
				CLANG_WARN_DOCUMENTATION_COMMENTS = YES;
				CLANG_WARN_EMPTY_BODY = YES;
				CLANG_WARN_ENUM_CONVERSION = YES;
				CLANG_WARN_INFINITE_RECURSION = YES;
				CLANG_WARN_INT_CONVERSION = YES;
				CLANG_WARN_OBJC_ROOT_CLASS = YES_ERROR;
				CLANG_WARN_SUSPICIOUS_MOVE = YES;
				CLANG_WARN_UNREACHABLE_CODE = YES;
				CLANG_WARN__DUPLICATE_METHOD_MATCH = YES;
				"CODE_SIGN_IDENTITY[sdk=iphoneos*]" = "iPhone Developer";
				COPY_PHASE_STRIP = NO;
				DEBUG_INFORMATION_FORMAT = "dwarf-with-dsym";
				ENABLE_NS_ASSERTIONS = NO;
				ENABLE_STRICT_OBJC_MSGSEND = YES;
				GCC_C_LANGUAGE_STANDARD = gnu99;
				GCC_NO_COMMON_BLOCKS = YES;
				GCC_WARN_64_TO_32_BIT_CONVERSION = YES;
				GCC_WARN_ABOUT_RETURN_TYPE = YES_ERROR;
				GCC_WARN_UNDECLARED_SELECTOR = YES;
				GCC_WARN_UNINITIALIZED_AUTOS = YES_AGGRESSIVE;
				GCC_WARN_UNUSED_FUNCTION = YES;
				GCC_WARN_UNUSED_VARIABLE = YES;
				IPHONEOS_DEPLOYMENT_TARGET = 10.3;
				MTL_ENABLE_DEBUG_INFO = NO;
				SDKROOT = iphoneos;
				SWIFT_OPTIMIZATION_LEVEL = "-Owholemodule";
				VALIDATE_PRODUCT = YES;
			};
			name = Release;
		};
		23B1A9B91EB4571B00029124 /* Debug */ = {
			isa = XCBuildConfiguration;
			buildSettings = {
				ASSETCATALOG_COMPILER_APPICON_NAME = AppIcon;
				DEVELOPMENT_TEAM = WV6V9Z74NW;
				INFOPLIST_FILE = FixedTableViewSample/Info.plist;
				LD_RUNPATH_SEARCH_PATHS = "$(inherited) @executable_path/Frameworks";
				PRODUCT_BUNDLE_IDENTIFIER = org.satorun.FixedTableViewSample;
				PRODUCT_NAME = "$(TARGET_NAME)";
				SWIFT_VERSION = 3.0;
			};
			name = Debug;
		};
		23B1A9BA1EB4571B00029124 /* Release */ = {
			isa = XCBuildConfiguration;
			buildSettings = {
				ASSETCATALOG_COMPILER_APPICON_NAME = AppIcon;
				DEVELOPMENT_TEAM = WV6V9Z74NW;
				INFOPLIST_FILE = FixedTableViewSample/Info.plist;
				LD_RUNPATH_SEARCH_PATHS = "$(inherited) @executable_path/Frameworks";
				PRODUCT_BUNDLE_IDENTIFIER = org.satorun.FixedTableViewSample;
				PRODUCT_NAME = "$(TARGET_NAME)";
				SWIFT_VERSION = 3.0;
			};
			name = Release;
		};
		23B1A9BC1EB4571B00029124 /* Debug */ = {
			isa = XCBuildConfiguration;
			buildSettings = {
				ALWAYS_EMBED_SWIFT_STANDARD_LIBRARIES = YES;
				BUNDLE_LOADER = "$(TEST_HOST)";
				DEVELOPMENT_TEAM = WV6V9Z74NW;
				INFOPLIST_FILE = FixedTableViewSampleTests/Info.plist;
				LD_RUNPATH_SEARCH_PATHS = "$(inherited) @executable_path/Frameworks @loader_path/Frameworks";
				PRODUCT_BUNDLE_IDENTIFIER = org.satorun.FixedTableViewSampleTests;
				PRODUCT_NAME = "$(TARGET_NAME)";
				SWIFT_VERSION = 3.0;
				TEST_HOST = "$(BUILT_PRODUCTS_DIR)/FixedTableViewSample.app/FixedTableViewSample";
			};
			name = Debug;
		};
		23B1A9BD1EB4571B00029124 /* Release */ = {
			isa = XCBuildConfiguration;
			buildSettings = {
				ALWAYS_EMBED_SWIFT_STANDARD_LIBRARIES = YES;
				BUNDLE_LOADER = "$(TEST_HOST)";
				DEVELOPMENT_TEAM = WV6V9Z74NW;
				INFOPLIST_FILE = FixedTableViewSampleTests/Info.plist;
				LD_RUNPATH_SEARCH_PATHS = "$(inherited) @executable_path/Frameworks @loader_path/Frameworks";
				PRODUCT_BUNDLE_IDENTIFIER = org.satorun.FixedTableViewSampleTests;
				PRODUCT_NAME = "$(TARGET_NAME)";
				SWIFT_VERSION = 3.0;
				TEST_HOST = "$(BUILT_PRODUCTS_DIR)/FixedTableViewSample.app/FixedTableViewSample";
			};
			name = Release;
		};
		23B1A9BF1EB4571B00029124 /* Debug */ = {
			isa = XCBuildConfiguration;
			buildSettings = {
				ALWAYS_EMBED_SWIFT_STANDARD_LIBRARIES = YES;
				DEVELOPMENT_TEAM = WV6V9Z74NW;
				INFOPLIST_FILE = FixedTableViewSampleUITests/Info.plist;
				LD_RUNPATH_SEARCH_PATHS = "$(inherited) @executable_path/Frameworks @loader_path/Frameworks";
				PRODUCT_BUNDLE_IDENTIFIER = org.satorun.FixedTableViewSampleUITests;
				PRODUCT_NAME = "$(TARGET_NAME)";
				SWIFT_VERSION = 3.0;
				TEST_TARGET_NAME = FixedTableViewSample;
			};
			name = Debug;
		};
		23B1A9C01EB4571B00029124 /* Release */ = {
			isa = XCBuildConfiguration;
			buildSettings = {
				ALWAYS_EMBED_SWIFT_STANDARD_LIBRARIES = YES;
				DEVELOPMENT_TEAM = WV6V9Z74NW;
				INFOPLIST_FILE = FixedTableViewSampleUITests/Info.plist;
				LD_RUNPATH_SEARCH_PATHS = "$(inherited) @executable_path/Frameworks @loader_path/Frameworks";
				PRODUCT_BUNDLE_IDENTIFIER = org.satorun.FixedTableViewSampleUITests;
				PRODUCT_NAME = "$(TARGET_NAME)";
				SWIFT_VERSION = 3.0;
				TEST_TARGET_NAME = FixedTableViewSample;
			};
			name = Release;
		};
/* End XCBuildConfiguration section */

/* Begin XCConfigurationList section */
		23B1A98B1EB4571B00029124 /* Build configuration list for PBXProject "FixedTableViewSample" */ = {
			isa = XCConfigurationList;
			buildConfigurations = (
				23B1A9B61EB4571B00029124 /* Debug */,
				23B1A9B71EB4571B00029124 /* Release */,
			);
			defaultConfigurationIsVisible = 0;
			defaultConfigurationName = Release;
		};
		23B1A9B81EB4571B00029124 /* Build configuration list for PBXNativeTarget "FixedTableViewSample" */ = {
			isa = XCConfigurationList;
			buildConfigurations = (
				23B1A9B91EB4571B00029124 /* Debug */,
				23B1A9BA1EB4571B00029124 /* Release */,
			);
			defaultConfigurationIsVisible = 0;
		};
		23B1A9BB1EB4571B00029124 /* Build configuration list for PBXNativeTarget "FixedTableViewSampleTests" */ = {
			isa = XCConfigurationList;
			buildConfigurations = (
				23B1A9BC1EB4571B00029124 /* Debug */,
				23B1A9BD1EB4571B00029124 /* Release */,
			);
			defaultConfigurationIsVisible = 0;
		};
		23B1A9BE1EB4571B00029124 /* Build configuration list for PBXNativeTarget "FixedTableViewSampleUITests" */ = {
			isa = XCConfigurationList;
			buildConfigurations = (
				23B1A9BF1EB4571B00029124 /* Debug */,
				23B1A9C01EB4571B00029124 /* Release */,
			);
			defaultConfigurationIsVisible = 0;
		};
/* End XCConfigurationList section */
	};
	rootObject = 23B1A9881EB4571B00029124 /* Project object */;
}
